# This file is automatically @generated by Poetry 1.8.3 and should not be changed by hand.

[[package]]
name = "some-package"
version = "0.1"
description = "hello world!"
optional = false
python-versions = "*"
files = [
    {file = "some-package-0.1.zip", hash = "sha256:9310116578374565f73ab79a650e6e2965440ed1a2c4e50db86242eb9cb93343"},
]

[metadata]
lock-version = "2.0"
python-versions = ">=3.12,<3.13"
content-hash = "07946d69d7c0bfe2d3161562b20b9ec80dc3eea2e6c69bb1aedaf7bd2fb7c551"
